{
  "object": {
    "pins": [
      {
        "package": "Bluetooth",
        "repositoryURL": "https://github.com/PureSwift/Bluetooth.git",
        "state": {
          "branch": "master",
          "revision": "f4595e78bb5116f7f760049f19439e505c568532",
          "version": null
        }
      }
    ]
  },
  "version": 1
}
