{
  "object": {
    "pins": [
      {
        "package": "Bluetooth",
        "repositoryURL": "https://github.com/PureSwift/Bluetooth.git",
        "state": {
          "branch": "master",
          "revision": "13d3eee621bd1b3db56e7955a8b06a8fd9bb9f1b",
          "version": null
        }
      }
    ]
  },
  "version": 1
}
